# THIS IS AN AUTOGENERATED FILE. DO NOT EDIT THIS FILE DIRECTLY.
# yarn lockfile v1


"@types/react-collapsible@^2.3.1":
  version "2.3.1"
  resolved "https://registry.yarnpkg.com/@types/react-collapsible/-/react-collapsible-2.3.1.tgz#34ffbeccb5d533498d0b491268b1eceab3baf3de"
  integrity sha512-Ecq4EMmVZRL18w1P2HnC8zNaGIb2W1DJRY0FCvQNO5anl9hmYN0rqZ1zZ/ANcMnRfBeDWb+iTfoANR+alRjZ6w==
  dependencies:
    react-collapsible "*"

react-collapsible@*, react-collapsible@^2.8.4:
  version "2.8.4"
  resolved "https://registry.yarnpkg.com/react-collapsible/-/react-collapsible-2.8.4.tgz#319ff7471138c4381ce0afa3ac308ccde7f4e09f"
  integrity sha512-oG4yOk6AGKswe0OD/8t3/nf4Rgj4UhlZUUvqL5jop0/ez02B3dBDmNvs3sQz0PcTpJvt0ai8zF7Atd1SzN/UNw==
